
Microsoft Visual Studio Solution File, Format Version 12.00
# Visual Studio Version 17
VisualStudioVersion = 17.3.32819.101
MinimumVisualStudioVersion = 10.0.40219.1
Project("{8BC9CEB8-8B4A-11D0-8D11-00A0C91BC942}") = "ДЗ 20.01.2023 Наследование (фигуры)", "ДЗ 20.01.2023 Наследование (фигуры)\ДЗ 20.01.2023 Наследование (фигуры).vcxproj", "{E090BE70-5068-4E14-9872-A72118F6658C}"
EndProject
Global
	GlobalSection(SolutionConfigurationPlatforms) = preSolution
		Debug|x64 = Debug|x64
		Debug|x86 = Debug|x86
		Release|x64 = Release|x64
		Release|x86 = Release|x86
	EndGlobalSection
	GlobalSection(ProjectConfigurationPlatforms) = postSolution
		{E090BE70-5068-4E14-9872-A72118F6658C}.Debug|x64.ActiveCfg = Debug|x64
		{E090BE70-5068-4E14-9872-A72118F6658C}.Debug|x64.Build.0 = Debug|x64
		{E090BE70-5068-4E14-9872-A72118F6658C}.Debug|x86.ActiveCfg = Debug|Win32
		{E090BE70-5068-4E14-9872-A72118F6658C}.Debug|x86.Build.0 = Debug|Win32
		{E090BE70-5068-4E14-9872-A72118F6658C}.Release|x64.ActiveCfg = Release|x64
		{E090BE70-5068-4E14-9872-A72118F6658C}.Release|x64.Build.0 = Release|x64
		{E090BE70-5068-4E14-9872-A72118F6658C}.Release|x86.ActiveCfg = Release|Win32
		{E090BE70-5068-4E14-9872-A72118F6658C}.Release|x86.Build.0 = Release|Win32
	EndGlobalSection
	GlobalSection(SolutionProperties) = preSolution
		HideSolutionNode = FALSE
	EndGlobalSection
	GlobalSection(ExtensibilityGlobals) = postSolution
		SolutionGuid = {136D01A5-63D1-486A-9BDF-B4E7DA320758}
	EndGlobalSection
EndGlobal
