
Microsoft Visual Studio Solution File, Format Version 12.00
# Visual Studio Version 17
VisualStudioVersion = 17.5.33424.131
MinimumVisualStudioVersion = 10.0.40219.1
Project("{8BC9CEB8-8B4A-11D0-8D11-00A0C91BC942}") = "ДЗ 02.03.2023 Структурный паттерн Фасад", "ДЗ 02.03.2023 Структурный паттерн Фасад\ДЗ 02.03.2023 Структурный паттерн Фасад.vcxproj", "{A1D3750C-3EF6-4FD5-BF5B-888E74287492}"
EndProject
Global
	GlobalSection(SolutionConfigurationPlatforms) = preSolution
		Debug|x64 = Debug|x64
		Debug|x86 = Debug|x86
		Release|x64 = Release|x64
		Release|x86 = Release|x86
	EndGlobalSection
	GlobalSection(ProjectConfigurationPlatforms) = postSolution
		{A1D3750C-3EF6-4FD5-BF5B-888E74287492}.Debug|x64.ActiveCfg = Debug|x64
		{A1D3750C-3EF6-4FD5-BF5B-888E74287492}.Debug|x64.Build.0 = Debug|x64
		{A1D3750C-3EF6-4FD5-BF5B-888E74287492}.Debug|x86.ActiveCfg = Debug|Win32
		{A1D3750C-3EF6-4FD5-BF5B-888E74287492}.Debug|x86.Build.0 = Debug|Win32
		{A1D3750C-3EF6-4FD5-BF5B-888E74287492}.Release|x64.ActiveCfg = Release|x64
		{A1D3750C-3EF6-4FD5-BF5B-888E74287492}.Release|x64.Build.0 = Release|x64
		{A1D3750C-3EF6-4FD5-BF5B-888E74287492}.Release|x86.ActiveCfg = Release|Win32
		{A1D3750C-3EF6-4FD5-BF5B-888E74287492}.Release|x86.Build.0 = Release|Win32
	EndGlobalSection
	GlobalSection(SolutionProperties) = preSolution
		HideSolutionNode = FALSE
	EndGlobalSection
	GlobalSection(ExtensibilityGlobals) = postSolution
		SolutionGuid = {F04ABB33-FD33-4953-9191-7D094D2042CA}
	EndGlobalSection
EndGlobal
